PODS:
  - AFNetworking (2.5.4):
    - AFNetworking/NSURLConnection (= 2.5.4)
    - AFNetworking/NSURLSession (= 2.5.4)
    - AFNetworking/Reachability (= 2.5.4)
    - AFNetworking/Security (= 2.5.4)
    - AFNetworking/Serialization (= 2.5.4)
    - AFNetworking/UIKit (= 2.5.4)
  - AFNetworking/NSURLConnection (2.5.4):
    - AFNetworking/Reachability
    - AFNetworking/Security
    - AFNetworking/Serialization
  - AFNetworking/NSURLSession (2.5.4):
    - AFNetworking/Reachability
    - AFNetworking/Security
    - AFNetworking/Serialization
  - AFNetworking/Reachability (2.5.4)
  - AFNetworking/Security (2.5.4)
  - AFNetworking/Serialization (2.5.4)
  - AFNetworking/UIKit (2.5.4):
    - AFNetworking/NSURLConnection
    - AFNetworking/NSURLSession
  - CocoaAsyncSocket (7.4.1)
  - Expecta (1.0.0)
  - Mantle (2.0.2):
    - Mantle/extobjc (= 2.0.2)
  - Mantle/extobjc (2.0.2)
  - OMGHTTPURLRQ (2.1):
    - OMGHTTPURLRQ/RQ (= 2.1)
  - OMGHTTPURLRQ/FormURLEncode (2.1)
  - OMGHTTPURLRQ/RQ (2.1):
    - OMGHTTPURLRQ/FormURLEncode
    - OMGHTTPURLRQ/UserAgent
  - OMGHTTPURLRQ/UserAgent (2.1)
  - PromiseKit (1.5.3):
    - PromiseKit/CALayer (= 1.5.3)
    - PromiseKit/NSNotificationCenter (= 1.5.3)
    - PromiseKit/NSURLConnection (= 1.5.3)
    - PromiseKit/Pause (= 1.5.3)
    - PromiseKit/UIActionSheet (= 1.5.3)
    - PromiseKit/UIAlertView (= 1.5.3)
    - PromiseKit/UIView (= 1.5.3)
    - PromiseKit/UIViewController (= 1.5.3)
    - PromiseKit/Until (= 1.5.3)
    - PromiseKit/When (= 1.5.3)
  - PromiseKit/CALayer (1.5.3):
    - PromiseKit/Promise
  - PromiseKit/NSNotificationCenter (1.5.3):
    - PromiseKit/Promise
  - PromiseKit/NSURLConnection (1.5.3):
    - OMGHTTPURLRQ
    - PromiseKit/Promise
  - PromiseKit/Pause (1.5.3):
    - PromiseKit/Promise
  - PromiseKit/Promise (1.5.3)
  - PromiseKit/UIActionSheet (1.5.3):
    - PromiseKit/Promise
  - PromiseKit/UIAlertView (1.5.3):
    - PromiseKit/Promise
  - PromiseKit/UIView (1.5.3):
    - PromiseKit/Promise
  - PromiseKit/UIViewController (1.5.3):
    - PromiseKit/Promise
  - PromiseKit/Until (1.5.3):
    - PromiseKit/Promise
    - PromiseKit/When
  - PromiseKit/When (1.5.3):
    - PromiseKit/Promise
  - Reachability (3.2)
  - SecucardConnectClientLib (0.1.0):
    - AFNetworking (~> 2.5)
    - CocoaAsyncSocket (~> 7.4)
    - Mantle (~> 2.0)
    - PromiseKit (~> 1.5)
    - Reachability (~> 3.2)
  - Specta (1.0.1)

DEPENDENCIES:
  - Expecta
  - SecucardConnectClientLib (from `../`)
  - Specta

EXTERNAL SOURCES:
  SecucardConnectClientLib:
    :path: "../"

SPEC CHECKSUMS:
  AFNetworking: 05edc0ac4c4c8cf57bcf4b84be5b0744b6d8e71e
  CocoaAsyncSocket: 7cbf214b27f8e7f7574db6a3fd96352ffaed433d
  Expecta: 32604574add2c46a36f8d2f716b6c5736eb75024
  Mantle: 967fd31ea0220890b2e76589198996b534bb3fb1
  OMGHTTPURLRQ: f8c515dfd2f57a5d74c710978f600231f52afec5
  PromiseKit: 7ecae7c190ab92ae00aae6ba7f88942107532b8f
  Reachability: 33e18b67625424e47b6cde6d202dce689ad7af96
  SecucardConnectClientLib: d28acbe8a3510f371f0f341096aba0cae35fc53c
  Specta: 097be314a75de103703a3bf9a529dc1a398509d7

COCOAPODS: 0.37.2
